
Microsoft Visual Studio Solution File, Format Version 12.00
# Visual Studio Version 16
VisualStudioVersion = 16.0.29123.88
MinimumVisualStudioVersion = 10.0.40219.1
Project("{888888A0-9F3D-457C-B088-3A5042F75D52}") = "Gurux.DLMS.Client.Example.python", "Gurux.DLMS.Client.Example.python.pyproj", "{1670445F-1A07-481D-A479-EE7C6F617EFE}"
EndProject
Project("{888888A0-9F3D-457C-B088-3A5042F75D52}") = "gurux_dlms", "..\Gurux.DLMS.python\gurux_dlms.pyproj", "{5B94F4C5-7F82-4A44-904D-B2D587F6E9DA}"
EndProject
Global
	GlobalSection(SolutionConfigurationPlatforms) = preSolution
		Debug|Any CPU = Debug|Any CPU
		Release|Any CPU = Release|Any CPU
	EndGlobalSection
	GlobalSection(ProjectConfigurationPlatforms) = postSolution
		{1670445F-1A07-481D-A479-EE7C6F617EFE}.Debug|Any CPU.ActiveCfg = Debug|Any CPU
		{1670445F-1A07-481D-A479-EE7C6F617EFE}.Release|Any CPU.ActiveCfg = Release|Any CPU
		{5B94F4C5-7F82-4A44-904D-B2D587F6E9DA}.Debug|Any CPU.ActiveCfg = Debug|Any CPU
		{5B94F4C5-7F82-4A44-904D-B2D587F6E9DA}.Release|Any CPU.ActiveCfg = Release|Any CPU
	EndGlobalSection
	GlobalSection(SolutionProperties) = preSolution
		HideSolutionNode = FALSE
	EndGlobalSection
	GlobalSection(ExtensibilityGlobals) = postSolution
		SolutionGuid = {4306D9C7-7ECF-476D-9FE0-B0E31E24F7A0}
	EndGlobalSection
EndGlobal
