
Microsoft Visual Studio Solution File, Format Version 12.00
# Visual Studio Version 16
VisualStudioVersion = 16.0.29613.14
MinimumVisualStudioVersion = 10.0.40219.1
Project("{888888A0-9F3D-457C-B088-3A5042F75D52}") = "Gurux.DLMS.Push.Listener.Example.python", "Gurux.DLMS.Push.Listener.Example.python.pyproj", "{893B532F-7E41-4BE1-80CC-12A6B86B449D}"
EndProject
Project("{888888A0-9F3D-457C-B088-3A5042F75D52}") = "gurux_dlms", "..\Gurux.DLMS.python\gurux_dlms.pyproj", "{5B94F4C5-7F82-4A44-904D-B2D587F6E9DA}"
EndProject
Global
	GlobalSection(SolutionConfigurationPlatforms) = preSolution
		Debug|Any CPU = Debug|Any CPU
		Release|Any CPU = Release|Any CPU
	EndGlobalSection
	GlobalSection(ProjectConfigurationPlatforms) = postSolution
		{893B532F-7E41-4BE1-80CC-12A6B86B449D}.Debug|Any CPU.ActiveCfg = Debug|Any CPU
		{893B532F-7E41-4BE1-80CC-12A6B86B449D}.Release|Any CPU.ActiveCfg = Release|Any CPU
		{5B94F4C5-7F82-4A44-904D-B2D587F6E9DA}.Debug|Any CPU.ActiveCfg = Debug|Any CPU
		{5B94F4C5-7F82-4A44-904D-B2D587F6E9DA}.Release|Any CPU.ActiveCfg = Release|Any CPU
	EndGlobalSection
	GlobalSection(SolutionProperties) = preSolution
		HideSolutionNode = FALSE
	EndGlobalSection
	GlobalSection(ExtensibilityGlobals) = postSolution
		SolutionGuid = {7371A0F4-A641-4A67-860C-AE5D637006D6}
	EndGlobalSection
EndGlobal
